
Microsoft Visual Studio Solution File, Format Version 12.00
# Visual Studio Version 16
VisualStudioVersion = 16.0.30523.141
MinimumVisualStudioVersion = 10.0.40219.1
Project("{9A19103F-16F7-4668-BE54-9A1E7A4F7556}") = "Project4SAD", "Project4SAD\Project4SAD.csproj", "{87B82BEB-E95C-4B79-97A1-07B5F331AEB2}"
EndProject
Project("{9A19103F-16F7-4668-BE54-9A1E7A4F7556}") = "NUnitTestProject1", "NUnitTestProject1\NUnitTestProject1.csproj", "{FBCF59FE-4ED3-436B-A0B2-437E07FF8873}"
EndProject
Project("{FAE04EC0-301F-11D3-BF4B-00C04F79EFBC}") = "ClassLibrary1", "ClassLibrary1\ClassLibrary1.csproj", "{B813F385-5853-4B7C-9332-55E8FC4DB3AA}"
EndProject
Global
	GlobalSection(SolutionConfigurationPlatforms) = preSolution
		Debug|Any CPU = Debug|Any CPU
		Release|Any CPU = Release|Any CPU
	EndGlobalSection
	GlobalSection(ProjectConfigurationPlatforms) = postSolution
		{87B82BEB-E95C-4B79-97A1-07B5F331AEB2}.Debug|Any CPU.ActiveCfg = Debug|Any CPU
		{87B82BEB-E95C-4B79-97A1-07B5F331AEB2}.Debug|Any CPU.Build.0 = Debug|Any CPU
		{87B82BEB-E95C-4B79-97A1-07B5F331AEB2}.Release|Any CPU.ActiveCfg = Release|Any CPU
		{87B82BEB-E95C-4B79-97A1-07B5F331AEB2}.Release|Any CPU.Build.0 = Release|Any CPU
		{FBCF59FE-4ED3-436B-A0B2-437E07FF8873}.Debug|Any CPU.ActiveCfg = Debug|Any CPU
		{FBCF59FE-4ED3-436B-A0B2-437E07FF8873}.Debug|Any CPU.Build.0 = Debug|Any CPU
		{FBCF59FE-4ED3-436B-A0B2-437E07FF8873}.Release|Any CPU.ActiveCfg = Release|Any CPU
		{FBCF59FE-4ED3-436B-A0B2-437E07FF8873}.Release|Any CPU.Build.0 = Release|Any CPU
		{B813F385-5853-4B7C-9332-55E8FC4DB3AA}.Debug|Any CPU.ActiveCfg = Debug|Any CPU
		{B813F385-5853-4B7C-9332-55E8FC4DB3AA}.Debug|Any CPU.Build.0 = Debug|Any CPU
		{B813F385-5853-4B7C-9332-55E8FC4DB3AA}.Release|Any CPU.ActiveCfg = Release|Any CPU
		{B813F385-5853-4B7C-9332-55E8FC4DB3AA}.Release|Any CPU.Build.0 = Release|Any CPU
	EndGlobalSection
	GlobalSection(SolutionProperties) = preSolution
		HideSolutionNode = FALSE
	EndGlobalSection
	GlobalSection(ExtensibilityGlobals) = postSolution
		SolutionGuid = {F26B947B-B149-4EF9-878D-20C8CE2B0BDF}
	EndGlobalSection
EndGlobal
